
Microsoft Visual Studio Solution File, Format Version 12.00
# Visual Studio Version 17
VisualStudioVersion = 17.0.31903.59
MinimumVisualStudioVersion = 10.0.40219.1
Project("{2150E333-8FDC-42A3-9474-1A3956D46DE8}") = "src", "src", "{827E0CD3-B72D-47B6-A68D-7590B98EB39B}"
EndProject
Project("{FAE04EC0-301F-11D3-BF4B-00C04F79EFBC}") = "HappyGymStats", "src\HappyGymStats\HappyGymStats.csproj", "{2EF25E87-890D-41E0-8DFB-074993679A4F}"
EndProject
Project("{2150E333-8FDC-42A3-9474-1A3956D46DE8}") = "tests", "tests", "{0AB3BF05-4346-4AA6-1389-037BE0695223}"
EndProject
Project("{FAE04EC0-301F-11D3-BF4B-00C04F79EFBC}") = "HappyGymStats.Tests", "tests\HappyGymStats.Tests\HappyGymStats.Tests.csproj", "{324AA747-BF2B-4F4E-B4F3-B016005571EC}"
EndProject
Project("{F2A71F9B-5D33-465A-A702-920D77279786}") = "HappyGymStats.Visualizer", "src\HappyGymStats.Visualizer\HappyGymStats.Visualizer.fsproj", "{9CD1438D-AC32-46E1-94A8-25E9125A1C7A}"
EndProject
Project("{F2A71F9B-5D33-465A-A702-920D77279786}") = "HappyGymStats.Visualizer.Tests", "tests\HappyGymStats.Visualizer.Tests\HappyGymStats.Visualizer.Tests.fsproj", "{972B27B0-812B-4A73-9A6F-AFFB46CAEAD9}"
EndProject
Global
	GlobalSection(SolutionConfigurationPlatforms) = preSolution
		Debug|Any CPU = Debug|Any CPU
		Debug|x64 = Debug|x64
		Debug|x86 = Debug|x86
		Release|Any CPU = Release|Any CPU
		Release|x64 = Release|x64
		Release|x86 = Release|x86
	EndGlobalSection
	GlobalSection(ProjectConfigurationPlatforms) = postSolution
		{2EF25E87-890D-41E0-8DFB-074993679A4F}.Debug|Any CPU.ActiveCfg = Debug|Any CPU
		{2EF25E87-890D-41E0-8DFB-074993679A4F}.Debug|Any CPU.Build.0 = Debug|Any CPU
		{2EF25E87-890D-41E0-8DFB-074993679A4F}.Debug|x64.ActiveCfg = Debug|Any CPU
		{2EF25E87-890D-41E0-8DFB-074993679A4F}.Debug|x64.Build.0 = Debug|Any CPU
		{2EF25E87-890D-41E0-8DFB-074993679A4F}.Debug|x86.ActiveCfg = Debug|Any CPU
		{2EF25E87-890D-41E0-8DFB-074993679A4F}.Debug|x86.Build.0 = Debug|Any CPU
		{2EF25E87-890D-41E0-8DFB-074993679A4F}.Release|Any CPU.ActiveCfg = Release|Any CPU
		{2EF25E87-890D-41E0-8DFB-074993679A4F}.Release|Any CPU.Build.0 = Release|Any CPU
		{2EF25E87-890D-41E0-8DFB-074993679A4F}.Release|x64.ActiveCfg = Release|Any CPU
		{2EF25E87-890D-41E0-8DFB-074993679A4F}.Release|x64.Build.0 = Release|Any CPU
		{2EF25E87-890D-41E0-8DFB-074993679A4F}.Release|x86.ActiveCfg = Release|Any CPU
		{2EF25E87-890D-41E0-8DFB-074993679A4F}.Release|x86.Build.0 = Release|Any CPU
		{324AA747-BF2B-4F4E-B4F3-B016005571EC}.Debug|Any CPU.ActiveCfg = Debug|Any CPU
		{324AA747-BF2B-4F4E-B4F3-B016005571EC}.Debug|Any CPU.Build.0 = Debug|Any CPU
		{324AA747-BF2B-4F4E-B4F3-B016005571EC}.Debug|x64.ActiveCfg = Debug|Any CPU
		{324AA747-BF2B-4F4E-B4F3-B016005571EC}.Debug|x64.Build.0 = Debug|Any CPU
		{324AA747-BF2B-4F4E-B4F3-B016005571EC}.Debug|x86.ActiveCfg = Debug|Any CPU
		{324AA747-BF2B-4F4E-B4F3-B016005571EC}.Debug|x86.Build.0 = Debug|Any CPU
		{324AA747-BF2B-4F4E-B4F3-B016005571EC}.Release|Any CPU.ActiveCfg = Release|Any CPU
		{324AA747-BF2B-4F4E-B4F3-B016005571EC}.Release|Any CPU.Build.0 = Release|Any CPU
		{324AA747-BF2B-4F4E-B4F3-B016005571EC}.Release|x64.ActiveCfg = Release|Any CPU
		{324AA747-BF2B-4F4E-B4F3-B016005571EC}.Release|x64.Build.0 = Release|Any CPU
		{324AA747-BF2B-4F4E-B4F3-B016005571EC}.Release|x86.ActiveCfg = Release|Any CPU
		{324AA747-BF2B-4F4E-B4F3-B016005571EC}.Release|x86.Build.0 = Release|Any CPU
		{9CD1438D-AC32-46E1-94A8-25E9125A1C7A}.Debug|Any CPU.ActiveCfg = Debug|Any CPU
		{9CD1438D-AC32-46E1-94A8-25E9125A1C7A}.Debug|Any CPU.Build.0 = Debug|Any CPU
		{9CD1438D-AC32-46E1-94A8-25E9125A1C7A}.Debug|x64.ActiveCfg = Debug|Any CPU
		{9CD1438D-AC32-46E1-94A8-25E9125A1C7A}.Debug|x64.Build.0 = Debug|Any CPU
		{9CD1438D-AC32-46E1-94A8-25E9125A1C7A}.Debug|x86.ActiveCfg = Debug|Any CPU
		{9CD1438D-AC32-46E1-94A8-25E9125A1C7A}.Debug|x86.Build.0 = Debug|Any CPU
		{9CD1438D-AC32-46E1-94A8-25E9125A1C7A}.Release|Any CPU.ActiveCfg = Release|Any CPU
		{9CD1438D-AC32-46E1-94A8-25E9125A1C7A}.Release|Any CPU.Build.0 = Release|Any CPU
		{9CD1438D-AC32-46E1-94A8-25E9125A1C7A}.Release|x64.ActiveCfg = Release|Any CPU
		{9CD1438D-AC32-46E1-94A8-25E9125A1C7A}.Release|x64.Build.0 = Release|Any CPU
		{9CD1438D-AC32-46E1-94A8-25E9125A1C7A}.Release|x86.ActiveCfg = Release|Any CPU
		{9CD1438D-AC32-46E1-94A8-25E9125A1C7A}.Release|x86.Build.0 = Release|Any CPU
		{972B27B0-812B-4A73-9A6F-AFFB46CAEAD9}.Debug|Any CPU.ActiveCfg = Debug|Any CPU
		{972B27B0-812B-4A73-9A6F-AFFB46CAEAD9}.Debug|Any CPU.Build.0 = Debug|Any CPU
		{972B27B0-812B-4A73-9A6F-AFFB46CAEAD9}.Debug|x64.ActiveCfg = Debug|Any CPU
		{972B27B0-812B-4A73-9A6F-AFFB46CAEAD9}.Debug|x64.Build.0 = Debug|Any CPU
		{972B27B0-812B-4A73-9A6F-AFFB46CAEAD9}.Debug|x86.ActiveCfg = Debug|Any CPU
		{972B27B0-812B-4A73-9A6F-AFFB46CAEAD9}.Debug|x86.Build.0 = Debug|Any CPU
		{972B27B0-812B-4A73-9A6F-AFFB46CAEAD9}.Release|Any CPU.ActiveCfg = Release|Any CPU
		{972B27B0-812B-4A73-9A6F-AFFB46CAEAD9}.Release|Any CPU.Build.0 = Release|Any CPU
		{972B27B0-812B-4A73-9A6F-AFFB46CAEAD9}.Release|x64.ActiveCfg = Release|Any CPU
		{972B27B0-812B-4A73-9A6F-AFFB46CAEAD9}.Release|x64.Build.0 = Release|Any CPU
		{972B27B0-812B-4A73-9A6F-AFFB46CAEAD9}.Release|x86.ActiveCfg = Release|Any CPU
		{972B27B0-812B-4A73-9A6F-AFFB46CAEAD9}.Release|x86.Build.0 = Release|Any CPU
	EndGlobalSection
	GlobalSection(SolutionProperties) = preSolution
		HideSolutionNode = FALSE
	EndGlobalSection
	GlobalSection(NestedProjects) = preSolution
		{2EF25E87-890D-41E0-8DFB-074993679A4F} = {827E0CD3-B72D-47B6-A68D-7590B98EB39B}
		{324AA747-BF2B-4F4E-B4F3-B016005571EC} = {0AB3BF05-4346-4AA6-1389-037BE0695223}
		{9CD1438D-AC32-46E1-94A8-25E9125A1C7A} = {827E0CD3-B72D-47B6-A68D-7590B98EB39B}
		{972B27B0-812B-4A73-9A6F-AFFB46CAEAD9} = {0AB3BF05-4346-4AA6-1389-037BE0695223}
	EndGlobalSection
EndGlobal
