
Microsoft Visual Studio Solution File, Format Version 12.00
# Visual Studio Version 17
VisualStudioVersion = 17.0.31903.59
MinimumVisualStudioVersion = 10.0.40219.1
Project("{2150E333-8FDC-42A3-9474-1A3956D46DE8}") = "src", "src", "{827E0CD3-B72D-47B6-A68D-7590B98EB39B}"
EndProject
Project("{2150E333-8FDC-42A3-9474-1A3956D46DE8}") = "tests", "tests", "{77A0130F-CED9-496C-8A9D-F510A136AFA7}"
EndProject
Project("{FAE04EC0-301F-11D3-BF4B-00C04F79EFBC}") = "HappyGymStats.Tests", "tests\HappyGymStats.Tests\HappyGymStats.Tests.csproj", "{652CCAA8-C1AF-44D5-9E17-59352871C409}"
EndProject
Project("{FAE04EC0-301F-11D3-BF4B-00C04F79EFBC}") = "HappyGymStats.Core", "src\HappyGymStats.Core\HappyGymStats.Core.csproj", "{84A85B8A-0D9B-4129-9FCB-16240487DC71}"
EndProject
Project("{FAE04EC0-301F-11D3-BF4B-00C04F79EFBC}") = "HappyGymStats.Data", "src\HappyGymStats.Data\HappyGymStats.Data.csproj", "{56270F83-4DDC-427A-ACD9-CDFB96D23480}"
EndProject
Project("{FAE04EC0-301F-11D3-BF4B-00C04F79EFBC}") = "HappyGymStats.Api", "src\HappyGymStats.Api\HappyGymStats.Api.csproj", "{DA55E587-E848-4097-840E-FC91089EAE38}"
EndProject
Project("{FAE04EC0-301F-11D3-BF4B-00C04F79EFBC}") = "HappyGymStats.Blazor", "src\HappyGymStats.Blazor\HappyGymStats.Blazor\HappyGymStats.Blazor.csproj", "{CAC86336-7223-4B68-B32E-A4D95B5B7479}"
EndProject
Project("{FAE04EC0-301F-11D3-BF4B-00C04F79EFBC}") = "HappyGymStats.Blazor.Client", "src\HappyGymStats.Blazor\HappyGymStats.Blazor.Client\HappyGymStats.Blazor.Client.csproj", "{BFFF4D45-6FBC-4EAD-BAF2-2EE4507C5ADC}"
EndProject
Project("{FAE04EC0-301F-11D3-BF4B-00C04F79EFBC}") = "HappyGymStats.Contracts", "src\HappyGymStats.Contracts\HappyGymStats.Contracts.csproj", "{5E69002E-637D-440F-B5F7-EC134D65C044}"
EndProject
Project("{FAE04EC0-301F-11D3-BF4B-00C04F79EFBC}") = "HappyGymStats.Identity", "src\HappyGymStats.Identity\HappyGymStats.Identity.csproj", "{DFDF15AF-47C3-4D3A-9318-3C1EFBA1375D}"
EndProject
Global
	GlobalSection(SolutionConfigurationPlatforms) = preSolution
		Debug|Any CPU = Debug|Any CPU
		Debug|x64 = Debug|x64
		Debug|x86 = Debug|x86
		Release|Any CPU = Release|Any CPU
		Release|x64 = Release|x64
		Release|x86 = Release|x86
	EndGlobalSection
	GlobalSection(ProjectConfigurationPlatforms) = postSolution
		{652CCAA8-C1AF-44D5-9E17-59352871C409}.Debug|Any CPU.ActiveCfg = Debug|Any CPU
		{652CCAA8-C1AF-44D5-9E17-59352871C409}.Debug|Any CPU.Build.0 = Debug|Any CPU
		{652CCAA8-C1AF-44D5-9E17-59352871C409}.Debug|x64.ActiveCfg = Debug|Any CPU
		{652CCAA8-C1AF-44D5-9E17-59352871C409}.Debug|x64.Build.0 = Debug|Any CPU
		{652CCAA8-C1AF-44D5-9E17-59352871C409}.Debug|x86.ActiveCfg = Debug|Any CPU
		{652CCAA8-C1AF-44D5-9E17-59352871C409}.Debug|x86.Build.0 = Debug|Any CPU
		{652CCAA8-C1AF-44D5-9E17-59352871C409}.Release|Any CPU.ActiveCfg = Release|Any CPU
		{652CCAA8-C1AF-44D5-9E17-59352871C409}.Release|Any CPU.Build.0 = Release|Any CPU
		{652CCAA8-C1AF-44D5-9E17-59352871C409}.Release|x64.ActiveCfg = Release|Any CPU
		{652CCAA8-C1AF-44D5-9E17-59352871C409}.Release|x64.Build.0 = Release|Any CPU
		{652CCAA8-C1AF-44D5-9E17-59352871C409}.Release|x86.ActiveCfg = Release|Any CPU
		{652CCAA8-C1AF-44D5-9E17-59352871C409}.Release|x86.Build.0 = Release|Any CPU
		{84A85B8A-0D9B-4129-9FCB-16240487DC71}.Debug|Any CPU.ActiveCfg = Debug|Any CPU
		{84A85B8A-0D9B-4129-9FCB-16240487DC71}.Debug|Any CPU.Build.0 = Debug|Any CPU
		{84A85B8A-0D9B-4129-9FCB-16240487DC71}.Debug|x64.ActiveCfg = Debug|Any CPU
		{84A85B8A-0D9B-4129-9FCB-16240487DC71}.Debug|x64.Build.0 = Debug|Any CPU
		{84A85B8A-0D9B-4129-9FCB-16240487DC71}.Debug|x86.ActiveCfg = Debug|Any CPU
		{84A85B8A-0D9B-4129-9FCB-16240487DC71}.Debug|x86.Build.0 = Debug|Any CPU
		{84A85B8A-0D9B-4129-9FCB-16240487DC71}.Release|Any CPU.ActiveCfg = Release|Any CPU
		{84A85B8A-0D9B-4129-9FCB-16240487DC71}.Release|Any CPU.Build.0 = Release|Any CPU
		{84A85B8A-0D9B-4129-9FCB-16240487DC71}.Release|x64.ActiveCfg = Release|Any CPU
		{84A85B8A-0D9B-4129-9FCB-16240487DC71}.Release|x64.Build.0 = Release|Any CPU
		{84A85B8A-0D9B-4129-9FCB-16240487DC71}.Release|x86.ActiveCfg = Release|Any CPU
		{84A85B8A-0D9B-4129-9FCB-16240487DC71}.Release|x86.Build.0 = Release|Any CPU
		{56270F83-4DDC-427A-ACD9-CDFB96D23480}.Debug|Any CPU.ActiveCfg = Debug|Any CPU
		{56270F83-4DDC-427A-ACD9-CDFB96D23480}.Debug|Any CPU.Build.0 = Debug|Any CPU
		{56270F83-4DDC-427A-ACD9-CDFB96D23480}.Debug|x64.ActiveCfg = Debug|Any CPU
		{56270F83-4DDC-427A-ACD9-CDFB96D23480}.Debug|x64.Build.0 = Debug|Any CPU
		{56270F83-4DDC-427A-ACD9-CDFB96D23480}.Debug|x86.ActiveCfg = Debug|Any CPU
		{56270F83-4DDC-427A-ACD9-CDFB96D23480}.Debug|x86.Build.0 = Debug|Any CPU
		{56270F83-4DDC-427A-ACD9-CDFB96D23480}.Release|Any CPU.ActiveCfg = Release|Any CPU
		{56270F83-4DDC-427A-ACD9-CDFB96D23480}.Release|Any CPU.Build.0 = Release|Any CPU
		{56270F83-4DDC-427A-ACD9-CDFB96D23480}.Release|x64.ActiveCfg = Release|Any CPU
		{56270F83-4DDC-427A-ACD9-CDFB96D23480}.Release|x64.Build.0 = Release|Any CPU
		{56270F83-4DDC-427A-ACD9-CDFB96D23480}.Release|x86.ActiveCfg = Release|Any CPU
		{56270F83-4DDC-427A-ACD9-CDFB96D23480}.Release|x86.Build.0 = Release|Any CPU
		{DA55E587-E848-4097-840E-FC91089EAE38}.Debug|Any CPU.ActiveCfg = Debug|Any CPU
		{DA55E587-E848-4097-840E-FC91089EAE38}.Debug|Any CPU.Build.0 = Debug|Any CPU
		{DA55E587-E848-4097-840E-FC91089EAE38}.Debug|x64.ActiveCfg = Debug|Any CPU
		{DA55E587-E848-4097-840E-FC91089EAE38}.Debug|x64.Build.0 = Debug|Any CPU
		{DA55E587-E848-4097-840E-FC91089EAE38}.Debug|x86.ActiveCfg = Debug|Any CPU
		{DA55E587-E848-4097-840E-FC91089EAE38}.Debug|x86.Build.0 = Debug|Any CPU
		{DA55E587-E848-4097-840E-FC91089EAE38}.Release|Any CPU.ActiveCfg = Release|Any CPU
		{DA55E587-E848-4097-840E-FC91089EAE38}.Release|Any CPU.Build.0 = Release|Any CPU
		{DA55E587-E848-4097-840E-FC91089EAE38}.Release|x64.ActiveCfg = Release|Any CPU
		{DA55E587-E848-4097-840E-FC91089EAE38}.Release|x64.Build.0 = Release|Any CPU
		{DA55E587-E848-4097-840E-FC91089EAE38}.Release|x86.ActiveCfg = Release|Any CPU
		{DA55E587-E848-4097-840E-FC91089EAE38}.Release|x86.Build.0 = Release|Any CPU
		{CAC86336-7223-4B68-B32E-A4D95B5B7479}.Debug|Any CPU.ActiveCfg = Debug|Any CPU
		{CAC86336-7223-4B68-B32E-A4D95B5B7479}.Debug|Any CPU.Build.0 = Debug|Any CPU
		{CAC86336-7223-4B68-B32E-A4D95B5B7479}.Debug|x64.ActiveCfg = Debug|Any CPU
		{CAC86336-7223-4B68-B32E-A4D95B5B7479}.Debug|x64.Build.0 = Debug|Any CPU
		{CAC86336-7223-4B68-B32E-A4D95B5B7479}.Debug|x86.ActiveCfg = Debug|Any CPU
		{CAC86336-7223-4B68-B32E-A4D95B5B7479}.Debug|x86.Build.0 = Debug|Any CPU
		{CAC86336-7223-4B68-B32E-A4D95B5B7479}.Release|Any CPU.ActiveCfg = Release|Any CPU
		{CAC86336-7223-4B68-B32E-A4D95B5B7479}.Release|Any CPU.Build.0 = Release|Any CPU
		{CAC86336-7223-4B68-B32E-A4D95B5B7479}.Release|x64.ActiveCfg = Release|Any CPU
		{CAC86336-7223-4B68-B32E-A4D95B5B7479}.Release|x64.Build.0 = Release|Any CPU
		{CAC86336-7223-4B68-B32E-A4D95B5B7479}.Release|x86.ActiveCfg = Release|Any CPU
		{CAC86336-7223-4B68-B32E-A4D95B5B7479}.Release|x86.Build.0 = Release|Any CPU
		{BFFF4D45-6FBC-4EAD-BAF2-2EE4507C5ADC}.Debug|Any CPU.ActiveCfg = Debug|Any CPU
		{BFFF4D45-6FBC-4EAD-BAF2-2EE4507C5ADC}.Debug|Any CPU.Build.0 = Debug|Any CPU
		{BFFF4D45-6FBC-4EAD-BAF2-2EE4507C5ADC}.Debug|x64.ActiveCfg = Debug|Any CPU
		{BFFF4D45-6FBC-4EAD-BAF2-2EE4507C5ADC}.Debug|x64.Build.0 = Debug|Any CPU
		{BFFF4D45-6FBC-4EAD-BAF2-2EE4507C5ADC}.Debug|x86.ActiveCfg = Debug|Any CPU
		{BFFF4D45-6FBC-4EAD-BAF2-2EE4507C5ADC}.Debug|x86.Build.0 = Debug|Any CPU
		{BFFF4D45-6FBC-4EAD-BAF2-2EE4507C5ADC}.Release|Any CPU.ActiveCfg = Release|Any CPU
		{BFFF4D45-6FBC-4EAD-BAF2-2EE4507C5ADC}.Release|Any CPU.Build.0 = Release|Any CPU
		{BFFF4D45-6FBC-4EAD-BAF2-2EE4507C5ADC}.Release|x64.ActiveCfg = Release|Any CPU
		{BFFF4D45-6FBC-4EAD-BAF2-2EE4507C5ADC}.Release|x64.Build.0 = Release|Any CPU
		{BFFF4D45-6FBC-4EAD-BAF2-2EE4507C5ADC}.Release|x86.ActiveCfg = Release|Any CPU
		{BFFF4D45-6FBC-4EAD-BAF2-2EE4507C5ADC}.Release|x86.Build.0 = Release|Any CPU
		{5E69002E-637D-440F-B5F7-EC134D65C044}.Debug|Any CPU.ActiveCfg = Debug|Any CPU
		{5E69002E-637D-440F-B5F7-EC134D65C044}.Debug|Any CPU.Build.0 = Debug|Any CPU
		{5E69002E-637D-440F-B5F7-EC134D65C044}.Debug|x64.ActiveCfg = Debug|Any CPU
		{5E69002E-637D-440F-B5F7-EC134D65C044}.Debug|x64.Build.0 = Debug|Any CPU
		{5E69002E-637D-440F-B5F7-EC134D65C044}.Debug|x86.ActiveCfg = Debug|Any CPU
		{5E69002E-637D-440F-B5F7-EC134D65C044}.Debug|x86.Build.0 = Debug|Any CPU
		{5E69002E-637D-440F-B5F7-EC134D65C044}.Release|Any CPU.ActiveCfg = Release|Any CPU
		{5E69002E-637D-440F-B5F7-EC134D65C044}.Release|Any CPU.Build.0 = Release|Any CPU
		{5E69002E-637D-440F-B5F7-EC134D65C044}.Release|x64.ActiveCfg = Release|Any CPU
		{5E69002E-637D-440F-B5F7-EC134D65C044}.Release|x64.Build.0 = Release|Any CPU
		{5E69002E-637D-440F-B5F7-EC134D65C044}.Release|x86.ActiveCfg = Release|Any CPU
		{5E69002E-637D-440F-B5F7-EC134D65C044}.Release|x86.Build.0 = Release|Any CPU
		{DFDF15AF-47C3-4D3A-9318-3C1EFBA1375D}.Debug|Any CPU.ActiveCfg = Debug|Any CPU
		{DFDF15AF-47C3-4D3A-9318-3C1EFBA1375D}.Debug|Any CPU.Build.0 = Debug|Any CPU
		{DFDF15AF-47C3-4D3A-9318-3C1EFBA1375D}.Debug|x64.ActiveCfg = Debug|Any CPU
		{DFDF15AF-47C3-4D3A-9318-3C1EFBA1375D}.Debug|x64.Build.0 = Debug|Any CPU
		{DFDF15AF-47C3-4D3A-9318-3C1EFBA1375D}.Debug|x86.ActiveCfg = Debug|Any CPU
		{DFDF15AF-47C3-4D3A-9318-3C1EFBA1375D}.Debug|x86.Build.0 = Debug|Any CPU
		{DFDF15AF-47C3-4D3A-9318-3C1EFBA1375D}.Release|Any CPU.ActiveCfg = Release|Any CPU
		{DFDF15AF-47C3-4D3A-9318-3C1EFBA1375D}.Release|Any CPU.Build.0 = Release|Any CPU
		{DFDF15AF-47C3-4D3A-9318-3C1EFBA1375D}.Release|x64.ActiveCfg = Release|Any CPU
		{DFDF15AF-47C3-4D3A-9318-3C1EFBA1375D}.Release|x64.Build.0 = Release|Any CPU
		{DFDF15AF-47C3-4D3A-9318-3C1EFBA1375D}.Release|x86.ActiveCfg = Release|Any CPU
		{DFDF15AF-47C3-4D3A-9318-3C1EFBA1375D}.Release|x86.Build.0 = Release|Any CPU
	EndGlobalSection
	GlobalSection(SolutionProperties) = preSolution
		HideSolutionNode = FALSE
	EndGlobalSection
	GlobalSection(NestedProjects) = preSolution
		{652CCAA8-C1AF-44D5-9E17-59352871C409} = {77A0130F-CED9-496C-8A9D-F510A136AFA7}
		{84A85B8A-0D9B-4129-9FCB-16240487DC71} = {827E0CD3-B72D-47B6-A68D-7590B98EB39B}
		{56270F83-4DDC-427A-ACD9-CDFB96D23480} = {827E0CD3-B72D-47B6-A68D-7590B98EB39B}
		{DA55E587-E848-4097-840E-FC91089EAE38} = {827E0CD3-B72D-47B6-A68D-7590B98EB39B}
		{CAC86336-7223-4B68-B32E-A4D95B5B7479} = {827E0CD3-B72D-47B6-A68D-7590B98EB39B}
		{BFFF4D45-6FBC-4EAD-BAF2-2EE4507C5ADC} = {827E0CD3-B72D-47B6-A68D-7590B98EB39B}
		{5E69002E-637D-440F-B5F7-EC134D65C044} = {827E0CD3-B72D-47B6-A68D-7590B98EB39B}
		{DFDF15AF-47C3-4D3A-9318-3C1EFBA1375D} = {827E0CD3-B72D-47B6-A68D-7590B98EB39B}
	EndGlobalSection
EndGlobal
